Microsoft Visual Studio Solution File, Format Version 12.00
# Visual Studio Version 17
VisualStudioVersion = 17.5.2.0
MinimumVisualStudioVersion = 10.0.40219.1
Project("{2150E333-8FDC-42A3-9474-1A3956D46DE8}") = "submissions", "submissions", "{D9B07C85-5C5A-C849-8AB1-149737F84F41}"
EndProject
Project("{2150E333-8FDC-42A3-9474-1A3956D46DE8}") = "accepted", "accepted", "{C5EC4756-F143-B141-58EC-C5D087B36ADE}"
EndProject
Global
	GlobalSection(SolutionConfigurationPlatforms) = preSolution
		Debug|Any CPU = Debug|Any CPU
		Release|Any CPU = Release|Any CPU
	EndGlobalSection
	GlobalSection(SolutionProperties) = preSolution
		HideSolutionNode = FALSE
	EndGlobalSection
	GlobalSection(NestedProjects) = preSolution
		{C5EC4756-F143-B141-58EC-C5D087B36ADE} = {D9B07C85-5C5A-C849-8AB1-149737F84F41}
	EndGlobalSection
	GlobalSection(ExtensibilityGlobals) = postSolution
		SolutionGuid = {57ACA764-7F7C-4FA9-A20A-683E16528649}
	EndGlobalSection
EndGlobal
